Microsoft Visual Studio Solution File, Format Version 12.00
# Visual Studio Version 17
VisualStudioVersion = 17.5.2.0
MinimumVisualStudioVersion = 10.0.40219.1
Project("{FAE04EC0-301F-11D3-BF4B-00C04F79EFBC}") = "PetHostelApi", "PetHostelApi.csproj", "{920EA9A1-F078-786C-84CD-B4ED9E6B714C}"
EndProject
Global
	GlobalSection(SolutionConfigurationPlatforms) = preSolution
		Debug|Any CPU = Debug|Any CPU
		Release|Any CPU = Release|Any CPU
	EndGlobalSection
	GlobalSection(ProjectConfigurationPlatforms) = postSolution
		{920EA9A1-F078-786C-84CD-B4ED9E6B714C}.Debug|Any CPU.ActiveCfg = Debug|Any CPU
		{920EA9A1-F078-786C-84CD-B4ED9E6B714C}.Debug|Any CPU.Build.0 = Debug|Any CPU
		{920EA9A1-F078-786C-84CD-B4ED9E6B714C}.Release|Any CPU.ActiveCfg = Release|Any CPU
		{920EA9A1-F078-786C-84CD-B4ED9E6B714C}.Release|Any CPU.Build.0 = Release|Any CPU
	EndGlobalSection
	GlobalSection(SolutionProperties) = preSolution
		HideSolutionNode = FALSE
	EndGlobalSection
	GlobalSection(ExtensibilityGlobals) = postSolution
		SolutionGuid = {58C8F13F-C2E2-4F39-B1D4-A607FFCEDEFF}
	EndGlobalSection
EndGlobal
